
Microsoft Visual Studio Solution File, Format Version 12.00
# Visual Studio 14
VisualStudioVersion = 14.0.25420.1
MinimumVisualStudioVersion = 10.0.40219.1
Project("{2150E333-8FDC-42A3-9474-1A3956D46DE8}") = "src", "src", "{4B60FF0B-CF61-4C47-A472-2BC4ECBB6436}"
EndProject
Project("{2150E333-8FDC-42A3-9474-1A3956D46DE8}") = "Solution Items", "Solution Items", "{346EE55E-2B91-433C-BF7C-C5FF4AE7FC88}"
	ProjectSection(SolutionItems) = preProject
		global.json = global.json
	EndProjectSection
EndProject
Project("{8BB2217D-0F2D-49D1-97BC-3654ED321F3B}") = "PigsInTheWoods", "src\PigsInTheWoods\PigsInTheWoods.xproj", "{5448EEB2-42F6-465A-BFC4-231339E7AEEC}"
EndProject
Global
	GlobalSection(SolutionConfigurationPlatforms) = preSolution
		Debug|Any CPU = Debug|Any CPU
		Release|Any CPU = Release|Any CPU
	EndGlobalSection
	GlobalSection(ProjectConfigurationPlatforms) = postSolution
		{5448EEB2-42F6-465A-BFC4-231339E7AEEC}.Debug|Any CPU.ActiveCfg = Debug|Any CPU
		{5448EEB2-42F6-465A-BFC4-231339E7AEEC}.Debug|Any CPU.Build.0 = Debug|Any CPU
		{5448EEB2-42F6-465A-BFC4-231339E7AEEC}.Release|Any CPU.ActiveCfg = Release|Any CPU
		{5448EEB2-42F6-465A-BFC4-231339E7AEEC}.Release|Any CPU.Build.0 = Release|Any CPU
	EndGlobalSection
	GlobalSection(SolutionProperties) = preSolution
		HideSolutionNode = FALSE
	EndGlobalSection
	GlobalSection(NestedProjects) = preSolution
		{5448EEB2-42F6-465A-BFC4-231339E7AEEC} = {4B60FF0B-CF61-4C47-A472-2BC4ECBB6436}
	EndGlobalSection
EndGlobal
